// !$*UTF8*$!
{
	archiveVersion = 1;
	classes = {
	};
	objectVersion = 77;
	objects = {

/* Begin PBXContainerItemProxy section */
		5FA95C8F2DFD2BF200EB523B /* PBXContainerItemProxy */ = {
			isa = PBXContainerItemProxy;
			containerPortal = 5FA95C752DFD2BF100EB523B /* Project object */;
			proxyType = 1;
			remoteGlobalIDString = 5FA95C7C2DFD2BF100EB523B;
			remoteInfo = MeetingHelper;
		};
		5FA95C992DFD2BF200EB523B /* PBXContainerItemProxy */ = {
			isa = PBXContainerItemProxy;
			containerPortal = 5FA95C752DFD2BF100EB523B /* Project object */;
			proxyType = 1;
			remoteGlobalIDString = 5FA95C7C2DFD2BF100EB523B;
			remoteInfo = MeetingHelper;
		};
/* End PBXContainerItemProxy section */

/* Begin PBXFileReference section */
		5FA95C7D2DFD2BF100EB523B /* MeetingHelper.app */ = {isa = PBXFileReference; explicitFileType = wrapper.application; includeInIndex = 0; path = MeetingHelper.app; sourceTree = BUILT_PRODUCTS_DIR; };
		5FA95C8E2DFD2BF200EB523B /* MeetingHelperTests.xctest */ = {isa = PBXFileReference; explicitFileType = wrapper.cfbundle; includeInIndex = 0; path = MeetingHelperTests.xctest; sourceTree = BUILT_PRODUCTS_DIR; };
		5FA95C982DFD2BF200EB523B /* MeetingHelperUITests.xctest */ = {isa = PBXFileReference; explicitFileType = wrapper.cfbundle; includeInIndex = 0; path = MeetingHelperUITests.xctest; sourceTree = BUILT_PRODUCTS_DIR; };
/* End PBXFileReference section */

/* Begin PBXFileSystemSynchronizedRootGroup section */
		5FA95C7F2DFD2BF100EB523B /* MeetingHelper */ = {
			isa = PBXFileSystemSynchronizedRootGroup;
			path = MeetingHelper;
			sourceTree = "<group>";
		};
		5FA95C912DFD2BF200EB523B /* MeetingHelperTests */ = {
			isa = PBXFileSystemSynchronizedRootGroup;
			path = MeetingHelperTests;
			sourceTree = "<group>";
		};
		5FA95C9B2DFD2BF200EB523B /* MeetingHelperUITests */ = {
			isa = PBXFileSystemSynchronizedRootGroup;
			path = MeetingHelperUITests;
			sourceTree = "<group>";
		};
/* End PBXFileSystemSynchronizedRootGroup section */

/* Begin PBXFrameworksBuildPhase section */
		5FA95C7A2DFD2BF100EB523B /* Frameworks */ = {
			isa = PBXFrameworksBuildPhase;
			buildActionMask = 2147483647;
			files = (
			);
			runOnlyForDeploymentPostprocessing = 0;
		};
		5FA95C8B2DFD2BF200EB523B /* Frameworks */ = {
			isa = PBXFrameworksBuildPhase;
			buildActionMask = 2147483647;
			files = (
			);
			runOnlyForDeploymentPostprocessing = 0;
		};
		5FA95C952DFD2BF200EB523B /* Frameworks */ = {
			isa = PBXFrameworksBuildPhase;
			buildActionMask = 2147483647;
			files = (
			);
			runOnlyForDeploymentPostprocessing = 0;
		};
/* End PBXFrameworksBuildPhase section */

/* Begin PBXGroup section */
		5FA95C742DFD2BF100EB523B = {
			isa = PBXGroup;
			children = (
				5FA95C7F2DFD2BF100EB523B /* MeetingHelper */,
				5FA95C912DFD2BF200EB523B /* MeetingHelperTests */,
				5FA95C9B2DFD2BF200EB523B /* MeetingHelperUITests */,
				5FA95C7E2DFD2BF100EB523B /* Products */,
			);
			sourceTree = "<group>";
		};
		5FA95C7E2DFD2BF100EB523B /* Products */ = {
			isa = PBXGroup;
			children = (
				5FA95C7D2DFD2BF100EB523B /* MeetingHelper.app */,
				5FA95C8E2DFD2BF200EB523B /* MeetingHelperTests.xctest */,
				5FA95C982DFD2BF200EB523B /* MeetingHelperUITests.xctest */,
			);
			name = Products;
			sourceTree = "<group>";
		};
/* End PBXGroup section */

/* Begin PBXNativeTarget section */
		5FA95C7C2DFD2BF100EB523B /* MeetingHelper */ = {
			isa = PBXNativeTarget;
			buildConfigurationList = 5FA95CA22DFD2BF200EB523B /* Build configuration list for PBXNativeTarget "MeetingHelper" */;
			buildPhases = (
				5FA95C792DFD2BF100EB523B /* Sources */,
				5FA95C7A2DFD2BF100EB523B /* Frameworks */,
				5FA95C7B2DFD2BF100EB523B /* Resources */,
			);
			buildRules = (
			);
			dependencies = (
			);
			fileSystemSynchronizedGroups = (
				5FA95C7F2DFD2BF100EB523B /* MeetingHelper */,
			);
			name = MeetingHelper;
			packageProductDependencies = (
			);
			productName = MeetingHelper;
			productReference = 5FA95C7D2DFD2BF100EB523B /* MeetingHelper.app */;
			productType = "com.apple.product-type.application";
		};
		5FA95C8D2DFD2BF200EB523B /* MeetingHelperTests */ = {
			isa = PBXNativeTarget;
			buildConfigurationList = 5FA95CA52DFD2BF200EB523B /* Build configuration list for PBXNativeTarget "MeetingHelperTests" */;
			buildPhases = (
				5FA95C8A2DFD2BF200EB523B /* Sources */,
				5FA95C8B2DFD2BF200EB523B /* Frameworks */,
				5FA95C8C2DFD2BF200EB523B /* Resources */,
			);
			buildRules = (
			);
			dependencies = (
				5FA95C902DFD2BF200EB523B /* PBXTargetDependency */,
			);
			fileSystemSynchronizedGroups = (
				5FA95C912DFD2BF200EB523B /* MeetingHelperTests */,
			);
			name = MeetingHelperTests;
			packageProductDependencies = (
			);
			productName = MeetingHelperTests;
			productReference = 5FA95C8E2DFD2BF200EB523B /* MeetingHelperTests.xctest */;
			productType = "com.apple.product-type.bundle.unit-test";
		};
		5FA95C972DFD2BF200EB523B /* MeetingHelperUITests */ = {
			isa = PBXNativeTarget;
			buildConfigurationList = 5FA95CA82DFD2BF200EB523B /* Build configuration list for PBXNativeTarget "MeetingHelperUITests" */;
			buildPhases = (
				5FA95C942DFD2BF200EB523B /* Sources */,
				5FA95C952DFD2BF200EB523B /* Frameworks */,
				5FA95C962DFD2BF200EB523B /* Resources */,
			);
			buildRules = (
			);
			dependencies = (
				5FA95C9A2DFD2BF200EB523B /* PBXTargetDependency */,
			);
			fileSystemSynchronizedGroups = (
				5FA95C9B2DFD2BF200EB523B /* MeetingHelperUITests */,
			);
			name = MeetingHelperUITests;
			packageProductDependencies = (
			);
			productName = MeetingHelperUITests;
			productReference = 5FA95C982DFD2BF200EB523B /* MeetingHelperUITests.xctest */;
			productType = "com.apple.product-type.bundle.ui-testing";
		};
/* End PBXNativeTarget section */

/* Begin PBXProject section */
		5FA95C752DFD2BF100EB523B /* Project object */ = {
			isa = PBXProject;
			attributes = {
				BuildIndependentTargetsInParallel = 1;
				LastSwiftUpdateCheck = 1620;
				LastUpgradeCheck = 1620;
				TargetAttributes = {
					5FA95C7C2DFD2BF100EB523B = {
						CreatedOnToolsVersion = 16.2;
					};
					5FA95C8D2DFD2BF200EB523B = {
						CreatedOnToolsVersion = 16.2;
						TestTargetID = 5FA95C7C2DFD2BF100EB523B;
					};
					5FA95C972DFD2BF200EB523B = {
						CreatedOnToolsVersion = 16.2;
						TestTargetID = 5FA95C7C2DFD2BF100EB523B;
					};
				};
			};
			buildConfigurationList = 5FA95C782DFD2BF100EB523B /* Build configuration list for PBXProject "MeetingHelper" */;
			developmentRegion = en;
			hasScannedForEncodings = 0;
			knownRegions = (
				en,
				Base,
			);
			mainGroup = 5FA95C742DFD2BF100EB523B;
			minimizedProjectReferenceProxies = 1;
			preferredProjectObjectVersion = 77;
			productRefGroup = 5FA95C7E2DFD2BF100EB523B /* Products */;
			projectDirPath = "";
			projectRoot = "";
			targets = (
				5FA95C7C2DFD2BF100EB523B /* MeetingHelper */,
				5FA95C8D2DFD2BF200EB523B /* MeetingHelperTests */,
				5FA95C972DFD2BF200EB523B /* MeetingHelperUITests */,
			);
		};
/* End PBXProject section */

/* Begin PBXResourcesBuildPhase section */
		5FA95C7B2DFD2BF100EB523B /* Resources */ = {
			isa = PBXResourcesBuildPhase;
			buildActionMask = 2147483647;
			files = (
			);
			runOnlyForDeploymentPostprocessing = 0;
		};
		5FA95C8C2DFD2BF200EB523B /* Resources */ = {
			isa = PBXResourcesBuildPhase;
			buildActionMask = 2147483647;
			files = (
			);
			runOnlyForDeploymentPostprocessing = 0;
		};
		5FA95C962DFD2BF200EB523B /* Resources */ = {
			isa = PBXResourcesBuildPhase;
			buildActionMask = 2147483647;
			files = (
			);
			runOnlyForDeploymentPostprocessing = 0;
		};
/* End PBXResourcesBuildPhase section */

/* Begin PBXSourcesBuildPhase section */
		5FA95C792DFD2BF100EB523B /* Sources */ = {
			isa = PBXSourcesBuildPhase;
			buildActionMask = 2147483647;
			files = (
			);
			runOnlyForDeploymentPostprocessing = 0;
		};
		5FA95C8A2DFD2BF200EB523B /* Sources */ = {
			isa = PBXSourcesBuildPhase;
			buildActionMask = 2147483647;
			files = (
			);
			runOnlyForDeploymentPostprocessing = 0;
		};
		5FA95C942DFD2BF200EB523B /* Sources */ = {
			isa = PBXSourcesBuildPhase;
			buildActionMask = 2147483647;
			files = (
			);
			runOnlyForDeploymentPostprocessing = 0;
		};
/* End PBXSourcesBuildPhase section */

/* Begin PBXTargetDependency section */
		5FA95C902DFD2BF200EB523B /* PBXTargetDependency */ = {
			isa = PBXTargetDependency;
			target = 5FA95C7C2DFD2BF100EB523B /* MeetingHelper */;
			targetProxy = 5FA95C8F2DFD2BF200EB523B /* PBXContainerItemProxy */;
		};
		5FA95C9A2DFD2BF200EB523B /* PBXTargetDependency */ = {
			isa = PBXTargetDependency;
			target = 5FA95C7C2DFD2BF100EB523B /* MeetingHelper */;
			targetProxy = 5FA95C992DFD2BF200EB523B /* PBXContainerItemProxy */;
		};
/* End PBXTargetDependency section */

/* Begin XCBuildConfiguration section */
		5FA95CA02DFD2BF200EB523B /* Debug */ = {
			isa = XCBuildConfiguration;
			buildSettings = {
				ALWAYS_SEARCH_USER_PATHS = NO;
				ASSETCATALOG_COMPILER_GENERATE_SWIFT_ASSET_SYMBOL_EXTENSIONS = YES;
				CLANG_ANALYZER_NONNULL = YES;
				CLANG_ANALYZER_NUMBER_OBJECT_CONVERSION = YES_AGGRESSIVE;
				CLANG_CXX_LANGUAGE_STANDARD = "gnu++20";
				CLANG_ENABLE_MODULES = YES;
				CLANG_ENABLE_OBJC_ARC = YES;
				CLANG_ENABLE_OBJC_WEAK = YES;
				CLANG_WARN_BLOCK_CAPTURE_AUTORELEASING = YES;
				CLANG_WARN_BOOL_CONVERSION = YES;
				CLANG_WARN_COMMA = YES;
				CLANG_WARN_CONSTANT_CONVERSION = YES;
				CLANG_WARN_DEPRECATED_OBJC_IMPLEMENTATIONS = YES;
				CLANG_WARN_DIRECT_OBJC_ISA_USAGE = YES_ERROR;
				CLANG_WARN_DOCUMENTATION_COMMENTS = YES;
				CLANG_WARN_EMPTY_BODY = YES;
				CLANG_WARN_ENUM_CONVERSION = YES;
				CLANG_WARN_INFINITE_RECURSION = YES;
				CLANG_WARN_INT_CONVERSION = YES;
				CLANG_WARN_NON_LITERAL_NULL_CONVERSION = YES;
				CLANG_WARN_OBJC_IMPLICIT_RETAIN_SELF = YES;
				CLANG_WARN_OBJC_LITERAL_CONVERSION = YES;
				CLANG_WARN_OBJC_ROOT_CLASS = YES_ERROR;
				CLANG_WARN_QUOTED_INCLUDE_IN_FRAMEWORK_HEADER = YES;
				CLANG_WARN_RANGE_LOOP_ANALYSIS = YES;
				CLANG_WARN_STRICT_PROTOTYPES = YES;
				CLANG_WARN_SUSPICIOUS_MOVE = YES;
				CLANG_WARN_UNGUARDED_AVAILABILITY = YES_AGGRESSIVE;
				CLANG_WARN_UNREACHABLE_CODE = YES;
				CLANG_WARN__DUPLICATE_METHOD_MATCH = YES;
				COPY_PHASE_STRIP = NO;
				DEBUG_INFORMATION_FORMAT = dwarf;
				ENABLE_STRICT_OBJC_MSGSEND = YES;
				ENABLE_TESTABILITY = YES;
				ENABLE_USER_SCRIPT_SANDBOXING = YES;
				GCC_C_LANGUAGE_STANDARD = gnu17;
				GCC_DYNAMIC_NO_PIC = NO;
				GCC_NO_COMMON_BLOCKS = YES;
				GCC_OPTIMIZATION_LEVEL = 0;
				GCC_PREPROCESSOR_DEFINITIONS = (
					"DEBUG=1",
					"$(inherited)",
				);
				GCC_WARN_64_TO_32_BIT_CONVERSION = YES;
				GCC_WARN_ABOUT_RETURN_TYPE = YES_ERROR;
				GCC_WARN_UNDECLARED_SELECTOR = YES;
				GCC_WARN_UNINITIALIZED_AUTOS = YES_AGGRESSIVE;
				GCC_WARN_UNUSED_FUNCTION = YES;
				GCC_WARN_UNUSED_VARIABLE = YES;
				LOCALIZATION_PREFERS_STRING_CATALOGS = YES;
				MACOSX_DEPLOYMENT_TARGET = 14.5;
				MTL_ENABLE_DEBUG_INFO = INCLUDE_SOURCE;
				MTL_FAST_MATH = YES;
				ONLY_ACTIVE_ARCH = YES;
				SDKROOT = macosx;
				SWIFT_ACTIVE_COMPILATION_CONDITIONS = "DEBUG $(inherited)";
				SWIFT_OPTIMIZATION_LEVEL = "-Onone";
			};
			name = Debug;
		};
		5FA95CA12DFD2BF200EB523B /* Release */ = {
			isa = XCBuildConfiguration;
			buildSettings = {
				ALWAYS_SEARCH_USER_PATHS = NO;
				ASSETCATALOG_COMPILER_GENERATE_SWIFT_ASSET_SYMBOL_EXTENSIONS = YES;
				CLANG_ANALYZER_NONNULL = YES;
				CLANG_ANALYZER_NUMBER_OBJECT_CONVERSION = YES_AGGRESSIVE;
				CLANG_CXX_LANGUAGE_STANDARD = "gnu++20";
				CLANG_ENABLE_MODULES = YES;
				CLANG_ENABLE_OBJC_ARC = YES;
				CLANG_ENABLE_OBJC_WEAK = YES;
				CLANG_WARN_BLOCK_CAPTURE_AUTORELEASING = YES;
				CLANG_WARN_BOOL_CONVERSION = YES;
				CLANG_WARN_COMMA = YES;
				CLANG_WARN_CONSTANT_CONVERSION = YES;
				CLANG_WARN_DEPRECATED_OBJC_IMPLEMENTATIONS = YES;
				CLANG_WARN_DIRECT_OBJC_ISA_USAGE = YES_ERROR;
				CLANG_WARN_DOCUMENTATION_COMMENTS = YES;
				CLANG_WARN_EMPTY_BODY = YES;
				CLANG_WARN_ENUM_CONVERSION = YES;
				CLANG_WARN_INFINITE_RECURSION = YES;
				CLANG_WARN_INT_CONVERSION = YES;
				CLANG_WARN_NON_LITERAL_NULL_CONVERSION = YES;
				CLANG_WARN_OBJC_IMPLICIT_RETAIN_SELF = YES;
				CLANG_WARN_OBJC_LITERAL_CONVERSION = YES;
				CLANG_WARN_OBJC_ROOT_CLASS = YES_ERROR;
				CLANG_WARN_QUOTED_INCLUDE_IN_FRAMEWORK_HEADER = YES;
				CLANG_WARN_RANGE_LOOP_ANALYSIS = YES;
				CLANG_WARN_STRICT_PROTOTYPES = YES;
				CLANG_WARN_SUSPICIOUS_MOVE = YES;
				CLANG_WARN_UNGUARDED_AVAILABILITY = YES_AGGRESSIVE;
				CLANG_WARN_UNREACHABLE_CODE = YES;
				CLANG_WARN__DUPLICATE_METHOD_MATCH = YES;
				COPY_PHASE_STRIP = NO;
				DEBUG_INFORMATION_FORMAT = "dwarf-with-dsym";
				ENABLE_NS_ASSERTIONS = NO;
				ENABLE_STRICT_OBJC_MSGSEND = YES;
				ENABLE_USER_SCRIPT_SANDBOXING = YES;
				GCC_C_LANGUAGE_STANDARD = gnu17;
				GCC_NO_COMMON_BLOCKS = YES;
				GCC_WARN_64_TO_32_BIT_CONVERSION = YES;
				GCC_WARN_ABOUT_RETURN_TYPE = YES_ERROR;
				GCC_WARN_UNDECLARED_SELECTOR = YES;
				GCC_WARN_UNINITIALIZED_AUTOS = YES_AGGRESSIVE;
				GCC_WARN_UNUSED_FUNCTION = YES;
				GCC_WARN_UNUSED_VARIABLE = YES;
				LOCALIZATION_PREFERS_STRING_CATALOGS = YES;
				MACOSX_DEPLOYMENT_TARGET = 14.5;
				MTL_ENABLE_DEBUG_INFO = NO;
				MTL_FAST_MATH = YES;
				SDKROOT = macosx;
				SWIFT_COMPILATION_MODE = wholemodule;
			};
			name = Release;
		};
		5FA95CA32DFD2BF200EB523B /* Debug */ = {
			isa = XCBuildConfiguration;
			buildSettings = {
				ASSETCATALOG_COMPILER_APPICON_NAME = AppIcon;
				ASSETCATALOG_COMPILER_GLOBAL_ACCENT_COLOR_NAME = AccentColor;
				CODE_SIGN_ENTITLEMENTS = MeetingHelper/MeetingHelper.entitlements;
				CODE_SIGN_STYLE = Automatic;
				COMBINE_HIDPI_IMAGES = YES;
				CURRENT_PROJECT_VERSION = 1;
				DEVELOPMENT_ASSET_PATHS = "\"MeetingHelper/Preview Content\"";
				ENABLE_PREVIEWS = YES;
				GENERATE_INFOPLIST_FILE = YES;
				INFOPLIST_KEY_NSHumanReadableCopyright = "";
				LD_RUNPATH_SEARCH_PATHS = (
					"$(inherited)",
					"@executable_path/../Frameworks",
				);
				MARKETING_VERSION = 1.0;
				PRODUCT_BUNDLE_IDENTIFIER = com.kaisenye.MeetingHelper;
				PRODUCT_NAME = "$(TARGET_NAME)";
				SWIFT_EMIT_LOC_STRINGS = YES;
				SWIFT_VERSION = 5.0;
			};
			name = Debug;
		};
		5FA95CA42DFD2BF200EB523B /* Release */ = {
			isa = XCBuildConfiguration;
			buildSettings = {
				ASSETCATALOG_COMPILER_APPICON_NAME = AppIcon;
				ASSETCATALOG_COMPILER_GLOBAL_ACCENT_COLOR_NAME = AccentColor;
				CODE_SIGN_ENTITLEMENTS = MeetingHelper/MeetingHelper.entitlements;
				CODE_SIGN_STYLE = Automatic;
				COMBINE_HIDPI_IMAGES = YES;
				CURRENT_PROJECT_VERSION = 1;
				DEVELOPMENT_ASSET_PATHS = "\"MeetingHelper/Preview Content\"";
				ENABLE_PREVIEWS = YES;
				GENERATE_INFOPLIST_FILE = YES;
				INFOPLIST_KEY_NSHumanReadableCopyright = "";
				LD_RUNPATH_SEARCH_PATHS = (
					"$(inherited)",
					"@executable_path/../Frameworks",
				);
				MARKETING_VERSION = 1.0;
				PRODUCT_BUNDLE_IDENTIFIER = com.kaisenye.MeetingHelper;
				PRODUCT_NAME = "$(TARGET_NAME)";
				SWIFT_EMIT_LOC_STRINGS = YES;
				SWIFT_VERSION = 5.0;
			};
			name = Release;
		};
		5FA95CA62DFD2BF200EB523B /* Debug */ = {
			isa = XCBuildConfiguration;
			buildSettings = {
				BUNDLE_LOADER = "$(TEST_HOST)";
				CODE_SIGN_STYLE = Automatic;
				CURRENT_PROJECT_VERSION = 1;
				GENERATE_INFOPLIST_FILE = YES;
				MACOSX_DEPLOYMENT_TARGET = 14.5;
				MARKETING_VERSION = 1.0;
				PRODUCT_BUNDLE_IDENTIFIER = com.kaisenye.MeetingHelperTests;
				PRODUCT_NAME = "$(TARGET_NAME)";
				SWIFT_EMIT_LOC_STRINGS = NO;
				SWIFT_VERSION = 5.0;
				TEST_HOST = "$(BUILT_PRODUCTS_DIR)/MeetingHelper.app/$(BUNDLE_EXECUTABLE_FOLDER_PATH)/MeetingHelper";
			};
			name = Debug;
		};
		5FA95CA72DFD2BF200EB523B /* Release */ = {
			isa = XCBuildConfiguration;
			buildSettings = {
				BUNDLE_LOADER = "$(TEST_HOST)";
				CODE_SIGN_STYLE = Automatic;
				CURRENT_PROJECT_VERSION = 1;
				GENERATE_INFOPLIST_FILE = YES;
				MACOSX_DEPLOYMENT_TARGET = 14.5;
				MARKETING_VERSION = 1.0;
				PRODUCT_BUNDLE_IDENTIFIER = com.kaisenye.MeetingHelperTests;
				PRODUCT_NAME = "$(TARGET_NAME)";
				SWIFT_EMIT_LOC_STRINGS = NO;
				SWIFT_VERSION = 5.0;
				TEST_HOST = "$(BUILT_PRODUCTS_DIR)/MeetingHelper.app/$(BUNDLE_EXECUTABLE_FOLDER_PATH)/MeetingHelper";
			};
			name = Release;
		};
		5FA95CA92DFD2BF200EB523B /* Debug */ = {
			isa = XCBuildConfiguration;
			buildSettings = {
				CODE_SIGN_STYLE = Automatic;
				CURRENT_PROJECT_VERSION = 1;
				GENERATE_INFOPLIST_FILE = YES;
				MARKETING_VERSION = 1.0;
				PRODUCT_BUNDLE_IDENTIFIER = com.kaisenye.MeetingHelperUITests;
				PRODUCT_NAME = "$(TARGET_NAME)";
				SWIFT_EMIT_LOC_STRINGS = NO;
				SWIFT_VERSION = 5.0;
				TEST_TARGET_NAME = MeetingHelper;
			};
			name = Debug;
		};
		5FA95CAA2DFD2BF200EB523B /* Release */ = {
			isa = XCBuildConfiguration;
			buildSettings = {
				CODE_SIGN_STYLE = Automatic;
				CURRENT_PROJECT_VERSION = 1;
				GENERATE_INFOPLIST_FILE = YES;
				MARKETING_VERSION = 1.0;
				PRODUCT_BUNDLE_IDENTIFIER = com.kaisenye.MeetingHelperUITests;
				PRODUCT_NAME = "$(TARGET_NAME)";
				SWIFT_EMIT_LOC_STRINGS = NO;
				SWIFT_VERSION = 5.0;
				TEST_TARGET_NAME = MeetingHelper;
			};
			name = Release;
		};
/* End XCBuildConfiguration section */

/* Begin XCConfigurationList section */
		5FA95C782DFD2BF100EB523B /* Build configuration list for PBXProject "MeetingHelper" */ = {
			isa = XCConfigurationList;
			buildConfigurations = (
				5FA95CA02DFD2BF200EB523B /* Debug */,
				5FA95CA12DFD2BF200EB523B /* Release */,
			);
			defaultConfigurationIsVisible = 0;
			defaultConfigurationName = Release;
		};
		5FA95CA22DFD2BF200EB523B /* Build configuration list for PBXNativeTarget "MeetingHelper" */ = {
			isa = XCConfigurationList;
			buildConfigurations = (
				5FA95CA32DFD2BF200EB523B /* Debug */,
				5FA95CA42DFD2BF200EB523B /* Release */,
			);
			defaultConfigurationIsVisible = 0;
			defaultConfigurationName = Release;
		};
		5FA95CA52DFD2BF200EB523B /* Build configuration list for PBXNativeTarget "MeetingHelperTests" */ = {
			isa = XCConfigurationList;
			buildConfigurations = (
				5FA95CA62DFD2BF200EB523B /* Debug */,
				5FA95CA72DFD2BF200EB523B /* Release */,
			);
			defaultConfigurationIsVisible = 0;
			defaultConfigurationName = Release;
		};
		5FA95CA82DFD2BF200EB523B /* Build configuration list for PBXNativeTarget "MeetingHelperUITests" */ = {
			isa = XCConfigurationList;
			buildConfigurations = (
				5FA95CA92DFD2BF200EB523B /* Debug */,
				5FA95CAA2DFD2BF200EB523B /* Release */,
			);
			defaultConfigurationIsVisible = 0;
			defaultConfigurationName = Release;
		};
/* End XCConfigurationList section */
	};
	rootObject = 5FA95C752DFD2BF100EB523B /* Project object */;
}
